
Microsoft Visual Studio Solution File, Format Version 12.00
# Visual Studio 15
VisualStudioVersion = 15.0.26730.10
MinimumVisualStudioVersion = 10.0.40219.1

Project("{6EC3EE1D-3C4E-46DD-8F32-0CC8E7565705}") = "XTouchFS", "XTouchFS\XTouchFS.fsproj", "{1B53D7D3-1EE5-4A9F-96D2-DEC62B7B572B}"
EndProject




Project("{F2A71F9B-5D33-465A-A702-920D77279786}") = "XTouchFS.macOS", "XTouchFS.macOS\XTouchFS.macOS.fsproj", "{7B0BEEF5-3E41-40BB-B550-DBD71029C72F}"
EndProject

Project("{F2A71F9B-5D33-465A-A702-920D77279786}") = "XTouchFS.WPF", "XTouchFS.WPF\XTouchFS.WPF.fsproj", "{2EF6D628-294D-4F09-868C-0105DD7B5892}"
EndProject


Global
	GlobalSection(SolutionConfigurationPlatforms) = preSolution
		Ad-Hoc|Any CPU = Ad-Hoc|Any CPU
		Ad-Hoc|ARM = Ad-Hoc|ARM
		Ad-Hoc|iPhone = Ad-Hoc|iPhone
		Ad-Hoc|iPhoneSimulator = Ad-Hoc|iPhoneSimulator
		Ad-Hoc|x64 = Ad-Hoc|x64
		Ad-Hoc|x86 = Ad-Hoc|x86
		AppStore|Any CPU = AppStore|Any CPU
		AppStore|ARM = AppStore|ARM
		AppStore|iPhone = AppStore|iPhone
		AppStore|iPhoneSimulator = AppStore|iPhoneSimulator
		AppStore|x64 = AppStore|x64
		AppStore|x86 = AppStore|x86
		Debug|Any CPU = Debug|Any CPU
		Debug|ARM = Debug|ARM
		Debug|iPhone = Debug|iPhone
		Debug|iPhoneSimulator = Debug|iPhoneSimulator
		Debug|x64 = Debug|x64
		Debug|x86 = Debug|x86
		Release|Any CPU = Release|Any CPU
		Release|ARM = Release|ARM
		Release|iPhone = Release|iPhone
		Release|iPhoneSimulator = Release|iPhoneSimulator
		Release|x64 = Release|x64
		Release|x86 = Release|x86
	EndGlobalSection
	GlobalSection(ProjectConfigurationPlatforms) = postSolution
		{1B53D7D3-1EE5-4A9F-96D2-DEC62B7B572B}.Ad-Hoc|Any CPU.ActiveCfg = Debug|Any CPU
		{1B53D7D3-1EE5-4A9F-96D2-DEC62B7B572B}.Ad-Hoc|Any CPU.Build.0 = Debug|Any CPU
		{1B53D7D3-1EE5-4A9F-96D2-DEC62B7B572B}.Ad-Hoc|ARM.ActiveCfg = Debug|Any CPU
		{1B53D7D3-1EE5-4A9F-96D2-DEC62B7B572B}.Ad-Hoc|ARM.Build.0 = Debug|Any CPU
		{1B53D7D3-1EE5-4A9F-96D2-DEC62B7B572B}.Ad-Hoc|iPhone.ActiveCfg = Debug|Any CPU
		{1B53D7D3-1EE5-4A9F-96D2-DEC62B7B572B}.Ad-Hoc|iPhone.Build.0 = Debug|Any CPU
		{1B53D7D3-1EE5-4A9F-96D2-DEC62B7B572B}.Ad-Hoc|iPhoneSimulator.ActiveCfg = Debug|Any CPU
		{1B53D7D3-1EE5-4A9F-96D2-DEC62B7B572B}.Ad-Hoc|iPhoneSimulator.Build.0 = Debug|Any CPU
		{1B53D7D3-1EE5-4A9F-96D2-DEC62B7B572B}.Ad-Hoc|x64.ActiveCfg = Debug|Any CPU
		{1B53D7D3-1EE5-4A9F-96D2-DEC62B7B572B}.Ad-Hoc|x64.Build.0 = Debug|Any CPU
		{1B53D7D3-1EE5-4A9F-96D2-DEC62B7B572B}.Ad-Hoc|x86.ActiveCfg = Debug|Any CPU
		{1B53D7D3-1EE5-4A9F-96D2-DEC62B7B572B}.Ad-Hoc|x86.Build.0 = Debug|Any CPU
		{1B53D7D3-1EE5-4A9F-96D2-DEC62B7B572B}.AppStore|Any CPU.ActiveCfg = Debug|Any CPU
		{1B53D7D3-1EE5-4A9F-96D2-DEC62B7B572B}.AppStore|Any CPU.Build.0 = Debug|Any CPU
		{1B53D7D3-1EE5-4A9F-96D2-DEC62B7B572B}.AppStore|ARM.ActiveCfg = Debug|Any CPU
		{1B53D7D3-1EE5-4A9F-96D2-DEC62B7B572B}.AppStore|ARM.Build.0 = Debug|Any CPU
		{1B53D7D3-1EE5-4A9F-96D2-DEC62B7B572B}.AppStore|iPhone.ActiveCfg = Debug|Any CPU
		{1B53D7D3-1EE5-4A9F-96D2-DEC62B7B572B}.AppStore|iPhone.Build.0 = Debug|Any CPU
		{1B53D7D3-1EE5-4A9F-96D2-DEC62B7B572B}.AppStore|iPhoneSimulator.ActiveCfg = Debug|Any CPU
		{1B53D7D3-1EE5-4A9F-96D2-DEC62B7B572B}.AppStore|iPhoneSimulator.Build.0 = Debug|Any CPU
		{1B53D7D3-1EE5-4A9F-96D2-DEC62B7B572B}.AppStore|x64.ActiveCfg = Debug|Any CPU
		{1B53D7D3-1EE5-4A9F-96D2-DEC62B7B572B}.AppStore|x64.Build.0 = Debug|Any CPU
		{1B53D7D3-1EE5-4A9F-96D2-DEC62B7B572B}.AppStore|x86.ActiveCfg = Debug|Any CPU
		{1B53D7D3-1EE5-4A9F-96D2-DEC62B7B572B}.AppStore|x86.Build.0 = Debug|Any CPU
		{1B53D7D3-1EE5-4A9F-96D2-DEC62B7B572B}.Debug|Any CPU.ActiveCfg = Debug|Any CPU
		{1B53D7D3-1EE5-4A9F-96D2-DEC62B7B572B}.Debug|Any CPU.Build.0 = Debug|Any CPU
		{1B53D7D3-1EE5-4A9F-96D2-DEC62B7B572B}.Debug|ARM.ActiveCfg = Debug|Any CPU
		{1B53D7D3-1EE5-4A9F-96D2-DEC62B7B572B}.Debug|ARM.Build.0 = Debug|Any CPU
		{1B53D7D3-1EE5-4A9F-96D2-DEC62B7B572B}.Debug|iPhone.ActiveCfg = Debug|Any CPU
		{1B53D7D3-1EE5-4A9F-96D2-DEC62B7B572B}.Debug|iPhone.Build.0 = Debug|Any CPU
		{1B53D7D3-1EE5-4A9F-96D2-DEC62B7B572B}.Debug|iPhoneSimulator.ActiveCfg = Debug|Any CPU
		{1B53D7D3-1EE5-4A9F-96D2-DEC62B7B572B}.Debug|iPhoneSimulator.Build.0 = Debug|Any CPU
		{1B53D7D3-1EE5-4A9F-96D2-DEC62B7B572B}.Debug|x64.ActiveCfg = Debug|Any CPU
		{1B53D7D3-1EE5-4A9F-96D2-DEC62B7B572B}.Debug|x64.Build.0 = Debug|Any CPU
		{1B53D7D3-1EE5-4A9F-96D2-DEC62B7B572B}.Debug|x86.ActiveCfg = Debug|Any CPU
		{1B53D7D3-1EE5-4A9F-96D2-DEC62B7B572B}.Debug|x86.Build.0 = Debug|Any CPU
		{1B53D7D3-1EE5-4A9F-96D2-DEC62B7B572B}.Release|Any CPU.ActiveCfg = Release|Any CPU
		{1B53D7D3-1EE5-4A9F-96D2-DEC62B7B572B}.Release|Any CPU.Build.0 = Release|Any CPU
		{1B53D7D3-1EE5-4A9F-96D2-DEC62B7B572B}.Release|ARM.ActiveCfg = Release|Any CPU
		{1B53D7D3-1EE5-4A9F-96D2-DEC62B7B572B}.Release|ARM.Build.0 = Release|Any CPU
		{1B53D7D3-1EE5-4A9F-96D2-DEC62B7B572B}.Release|iPhone.ActiveCfg = Release|Any CPU
		{1B53D7D3-1EE5-4A9F-96D2-DEC62B7B572B}.Release|iPhone.Build.0 = Release|Any CPU
		{1B53D7D3-1EE5-4A9F-96D2-DEC62B7B572B}.Release|iPhoneSimulator.ActiveCfg = Release|Any CPU
		{1B53D7D3-1EE5-4A9F-96D2-DEC62B7B572B}.Release|iPhoneSimulator.Build.0 = Release|Any CPU
		{1B53D7D3-1EE5-4A9F-96D2-DEC62B7B572B}.Release|x64.ActiveCfg = Release|Any CPU
		{1B53D7D3-1EE5-4A9F-96D2-DEC62B7B572B}.Release|x64.Build.0 = Release|Any CPU
		{1B53D7D3-1EE5-4A9F-96D2-DEC62B7B572B}.Release|x86.ActiveCfg = Release|Any CPU
		{1B53D7D3-1EE5-4A9F-96D2-DEC62B7B572B}.Release|x86.Build.0 = Release|Any CPU
		{ED186B58-0E5D-4FBF-AE43-06E9172AEEC2}.Ad-Hoc|Any CPU.ActiveCfg = Ad-Hoc|iPhone
		{ED186B58-0E5D-4FBF-AE43-06E9172AEEC2}.Ad-Hoc|ARM.ActiveCfg = Ad-Hoc|iPhone
		{ED186B58-0E5D-4FBF-AE43-06E9172AEEC2}.Ad-Hoc|iPhone.ActiveCfg = Ad-Hoc|iPhone
		{ED186B58-0E5D-4FBF-AE43-06E9172AEEC2}.Ad-Hoc|iPhone.Build.0 = Ad-Hoc|iPhone
		{ED186B58-0E5D-4FBF-AE43-06E9172AEEC2}.Ad-Hoc|iPhoneSimulator.ActiveCfg = Ad-Hoc|iPhoneSimulator
		{ED186B58-0E5D-4FBF-AE43-06E9172AEEC2}.Ad-Hoc|iPhoneSimulator.Build.0 = Ad-Hoc|iPhoneSimulator
		{ED186B58-0E5D-4FBF-AE43-06E9172AEEC2}.Ad-Hoc|x64.ActiveCfg = Ad-Hoc|iPhone
		{ED186B58-0E5D-4FBF-AE43-06E9172AEEC2}.Ad-Hoc|x86.ActiveCfg = Ad-Hoc|iPhone
		{ED186B58-0E5D-4FBF-AE43-06E9172AEEC2}.AppStore|Any CPU.ActiveCfg = AppStore|iPhone
		{ED186B58-0E5D-4FBF-AE43-06E9172AEEC2}.AppStore|ARM.ActiveCfg = AppStore|iPhone
		{ED186B58-0E5D-4FBF-AE43-06E9172AEEC2}.AppStore|iPhone.ActiveCfg = AppStore|iPhone
		{ED186B58-0E5D-4FBF-AE43-06E9172AEEC2}.AppStore|iPhone.Build.0 = AppStore|iPhone
		{ED186B58-0E5D-4FBF-AE43-06E9172AEEC2}.AppStore|iPhoneSimulator.ActiveCfg = AppStore|iPhoneSimulator
		{ED186B58-0E5D-4FBF-AE43-06E9172AEEC2}.AppStore|iPhoneSimulator.Build.0 = AppStore|iPhoneSimulator
		{ED186B58-0E5D-4FBF-AE43-06E9172AEEC2}.AppStore|x64.ActiveCfg = AppStore|iPhone
		{ED186B58-0E5D-4FBF-AE43-06E9172AEEC2}.AppStore|x86.ActiveCfg = AppStore|iPhone
		{ED186B58-0E5D-4FBF-AE43-06E9172AEEC2}.Debug|Any CPU.ActiveCfg = Debug|iPhone
		{ED186B58-0E5D-4FBF-AE43-06E9172AEEC2}.Debug|ARM.ActiveCfg = Debug|iPhone
		{ED186B58-0E5D-4FBF-AE43-06E9172AEEC2}.Debug|iPhone.ActiveCfg = Debug|iPhone
		{ED186B58-0E5D-4FBF-AE43-06E9172AEEC2}.Debug|iPhone.Build.0 = Debug|iPhone
		{ED186B58-0E5D-4FBF-AE43-06E9172AEEC2}.Debug|iPhoneSimulator.ActiveCfg = Debug|iPhoneSimulator
		{ED186B58-0E5D-4FBF-AE43-06E9172AEEC2}.Debug|iPhoneSimulator.Build.0 = Debug|iPhoneSimulator
		{ED186B58-0E5D-4FBF-AE43-06E9172AEEC2}.Debug|x64.ActiveCfg = Debug|iPhone
		{ED186B58-0E5D-4FBF-AE43-06E9172AEEC2}.Debug|x86.ActiveCfg = Debug|iPhone
		{ED186B58-0E5D-4FBF-AE43-06E9172AEEC2}.Release|Any CPU.ActiveCfg = Release|iPhone
		{ED186B58-0E5D-4FBF-AE43-06E9172AEEC2}.Release|ARM.ActiveCfg = Release|iPhone
		{ED186B58-0E5D-4FBF-AE43-06E9172AEEC2}.Release|iPhone.ActiveCfg = Release|iPhone
		{ED186B58-0E5D-4FBF-AE43-06E9172AEEC2}.Release|iPhone.Build.0 = Release|iPhone
		{ED186B58-0E5D-4FBF-AE43-06E9172AEEC2}.Release|iPhoneSimulator.ActiveCfg = Release|iPhoneSimulator
		{ED186B58-0E5D-4FBF-AE43-06E9172AEEC2}.Release|iPhoneSimulator.Build.0 = Release|iPhoneSimulator
		{ED186B58-0E5D-4FBF-AE43-06E9172AEEC2}.Release|x64.ActiveCfg = Release|iPhone
		{ED186B58-0E5D-4FBF-AE43-06E9172AEEC2}.Release|x86.ActiveCfg = Release|iPhone
		{8F572EE8-6A2F-4E10-858A-B3920D55B1AF}.Ad-Hoc|Any CPU.ActiveCfg = Release|x86
		{8F572EE8-6A2F-4E10-858A-B3920D55B1AF}.Ad-Hoc|Any CPU.Build.0 = Release|x86
		{8F572EE8-6A2F-4E10-858A-B3920D55B1AF}.Ad-Hoc|Any CPU.Deploy.0 = Release|x86
		{8F572EE8-6A2F-4E10-858A-B3920D55B1AF}.Ad-Hoc|ARM.ActiveCfg = Release|ARM
		{8F572EE8-6A2F-4E10-858A-B3920D55B1AF}.Ad-Hoc|ARM.Build.0 = Release|ARM
		{8F572EE8-6A2F-4E10-858A-B3920D55B1AF}.Ad-Hoc|ARM.Deploy.0 = Release|ARM
		{8F572EE8-6A2F-4E10-858A-B3920D55B1AF}.Ad-Hoc|iPhone.ActiveCfg = Release|x86
		{8F572EE8-6A2F-4E10-858A-B3920D55B1AF}.Ad-Hoc|iPhone.Build.0 = Release|x86
		{8F572EE8-6A2F-4E10-858A-B3920D55B1AF}.Ad-Hoc|iPhone.Deploy.0 = Release|x86
		{8F572EE8-6A2F-4E10-858A-B3920D55B1AF}.Ad-Hoc|iPhoneSimulator.ActiveCfg = Release|x86
		{8F572EE8-6A2F-4E10-858A-B3920D55B1AF}.Ad-Hoc|iPhoneSimulator.Build.0 = Release|x86
		{8F572EE8-6A2F-4E10-858A-B3920D55B1AF}.Ad-Hoc|iPhoneSimulator.Deploy.0 = Release|x86
		{8F572EE8-6A2F-4E10-858A-B3920D55B1AF}.Ad-Hoc|x64.ActiveCfg = Release|x64
		{8F572EE8-6A2F-4E10-858A-B3920D55B1AF}.Ad-Hoc|x64.Build.0 = Release|x64
		{8F572EE8-6A2F-4E10-858A-B3920D55B1AF}.Ad-Hoc|x64.Deploy.0 = Release|x64
		{8F572EE8-6A2F-4E10-858A-B3920D55B1AF}.Ad-Hoc|x86.ActiveCfg = Release|x86
		{8F572EE8-6A2F-4E10-858A-B3920D55B1AF}.Ad-Hoc|x86.Build.0 = Release|x86
		{8F572EE8-6A2F-4E10-858A-B3920D55B1AF}.Ad-Hoc|x86.Deploy.0 = Release|x86
		{8F572EE8-6A2F-4E10-858A-B3920D55B1AF}.AppStore|Any CPU.ActiveCfg = Release|x86
		{8F572EE8-6A2F-4E10-858A-B3920D55B1AF}.AppStore|Any CPU.Build.0 = Release|x86
		{8F572EE8-6A2F-4E10-858A-B3920D55B1AF}.AppStore|Any CPU.Deploy.0 = Release|x86
		{8F572EE8-6A2F-4E10-858A-B3920D55B1AF}.AppStore|ARM.ActiveCfg = Release|ARM
		{8F572EE8-6A2F-4E10-858A-B3920D55B1AF}.AppStore|ARM.Build.0 = Release|ARM
		{8F572EE8-6A2F-4E10-858A-B3920D55B1AF}.AppStore|ARM.Deploy.0 = Release|ARM
		{8F572EE8-6A2F-4E10-858A-B3920D55B1AF}.AppStore|iPhone.ActiveCfg = Release|x86
		{8F572EE8-6A2F-4E10-858A-B3920D55B1AF}.AppStore|iPhone.Build.0 = Release|x86
		{8F572EE8-6A2F-4E10-858A-B3920D55B1AF}.AppStore|iPhone.Deploy.0 = Release|x86
		{8F572EE8-6A2F-4E10-858A-B3920D55B1AF}.AppStore|iPhoneSimulator.ActiveCfg = Release|x86
		{8F572EE8-6A2F-4E10-858A-B3920D55B1AF}.AppStore|iPhoneSimulator.Build.0 = Release|x86
		{8F572EE8-6A2F-4E10-858A-B3920D55B1AF}.AppStore|iPhoneSimulator.Deploy.0 = Release|x86
		{8F572EE8-6A2F-4E10-858A-B3920D55B1AF}.AppStore|x64.ActiveCfg = Release|x64
		{8F572EE8-6A2F-4E10-858A-B3920D55B1AF}.AppStore|x64.Build.0 = Release|x64
		{8F572EE8-6A2F-4E10-858A-B3920D55B1AF}.AppStore|x64.Deploy.0 = Release|x64
		{8F572EE8-6A2F-4E10-858A-B3920D55B1AF}.AppStore|x86.ActiveCfg = Release|x86
		{8F572EE8-6A2F-4E10-858A-B3920D55B1AF}.AppStore|x86.Build.0 = Release|x86
		{8F572EE8-6A2F-4E10-858A-B3920D55B1AF}.AppStore|x86.Deploy.0 = Release|x86
		{8F572EE8-6A2F-4E10-858A-B3920D55B1AF}.Debug|Any CPU.ActiveCfg = Debug|x86
		{8F572EE8-6A2F-4E10-858A-B3920D55B1AF}.Debug|ARM.ActiveCfg = Debug|ARM
		{8F572EE8-6A2F-4E10-858A-B3920D55B1AF}.Debug|ARM.Build.0 = Debug|ARM
		{8F572EE8-6A2F-4E10-858A-B3920D55B1AF}.Debug|ARM.Deploy.0 = Debug|ARM
		{8F572EE8-6A2F-4E10-858A-B3920D55B1AF}.Debug|iPhone.ActiveCfg = Debug|x86
		{8F572EE8-6A2F-4E10-858A-B3920D55B1AF}.Debug|iPhoneSimulator.ActiveCfg = Debug|x86
		{8F572EE8-6A2F-4E10-858A-B3920D55B1AF}.Debug|x64.ActiveCfg = Debug|x64
		{8F572EE8-6A2F-4E10-858A-B3920D55B1AF}.Debug|x64.Build.0 = Debug|x64
		{8F572EE8-6A2F-4E10-858A-B3920D55B1AF}.Debug|x64.Deploy.0 = Debug|x64
		{8F572EE8-6A2F-4E10-858A-B3920D55B1AF}.Debug|x86.ActiveCfg = Debug|x86
		{8F572EE8-6A2F-4E10-858A-B3920D55B1AF}.Debug|x86.Build.0 = Debug|x86
		{8F572EE8-6A2F-4E10-858A-B3920D55B1AF}.Debug|x86.Deploy.0 = Debug|x86
		{8F572EE8-6A2F-4E10-858A-B3920D55B1AF}.Release|Any CPU.ActiveCfg = Release|x86
		{8F572EE8-6A2F-4E10-858A-B3920D55B1AF}.Release|ARM.ActiveCfg = Release|ARM
		{8F572EE8-6A2F-4E10-858A-B3920D55B1AF}.Release|ARM.Build.0 = Release|ARM
		{8F572EE8-6A2F-4E10-858A-B3920D55B1AF}.Release|ARM.Deploy.0 = Release|ARM
		{8F572EE8-6A2F-4E10-858A-B3920D55B1AF}.Release|iPhone.ActiveCfg = Release|x86
		{8F572EE8-6A2F-4E10-858A-B3920D55B1AF}.Release|iPhoneSimulator.ActiveCfg = Release|x86
		{8F572EE8-6A2F-4E10-858A-B3920D55B1AF}.Release|x64.ActiveCfg = Release|x64
		{8F572EE8-6A2F-4E10-858A-B3920D55B1AF}.Release|x64.Build.0 = Release|x64
		{8F572EE8-6A2F-4E10-858A-B3920D55B1AF}.Release|x64.Deploy.0 = Release|x64
		{8F572EE8-6A2F-4E10-858A-B3920D55B1AF}.Release|x86.ActiveCfg = Release|x86
		{8F572EE8-6A2F-4E10-858A-B3920D55B1AF}.Release|x86.Build.0 = Release|x86
		{8F572EE8-6A2F-4E10-858A-B3920D55B1AF}.Release|x86.Deploy.0 = Release|x86
		{7B0BEEF5-3E41-40BB-B550-DBD71029C72F}.Ad-Hoc|Any CPU.ActiveCfg = Release|Any CPU
		{7B0BEEF5-3E41-40BB-B550-DBD71029C72F}.Ad-Hoc|Any CPU.Build.0 = Release|Any CPU
		{7B0BEEF5-3E41-40BB-B550-DBD71029C72F}.Ad-Hoc|ARM.ActiveCfg = Release|Any CPU
		{7B0BEEF5-3E41-40BB-B550-DBD71029C72F}.Ad-Hoc|ARM.Build.0 = Release|Any CPU
		{7B0BEEF5-3E41-40BB-B550-DBD71029C72F}.Ad-Hoc|iPhone.ActiveCfg = Release|Any CPU
		{7B0BEEF5-3E41-40BB-B550-DBD71029C72F}.Ad-Hoc|iPhone.Build.0 = Release|Any CPU
		{7B0BEEF5-3E41-40BB-B550-DBD71029C72F}.Ad-Hoc|iPhoneSimulator.ActiveCfg = Release|Any CPU
		{7B0BEEF5-3E41-40BB-B550-DBD71029C72F}.Ad-Hoc|iPhoneSimulator.Build.0 = Release|Any CPU
		{7B0BEEF5-3E41-40BB-B550-DBD71029C72F}.Ad-Hoc|x64.ActiveCfg = Release|Any CPU
		{7B0BEEF5-3E41-40BB-B550-DBD71029C72F}.Ad-Hoc|x64.Build.0 = Release|Any CPU
		{7B0BEEF5-3E41-40BB-B550-DBD71029C72F}.Ad-Hoc|x86.ActiveCfg = Release|Any CPU
		{7B0BEEF5-3E41-40BB-B550-DBD71029C72F}.Ad-Hoc|x86.Build.0 = Release|Any CPU
		{7B0BEEF5-3E41-40BB-B550-DBD71029C72F}.AppStore|Any CPU.ActiveCfg = Release|Any CPU
		{7B0BEEF5-3E41-40BB-B550-DBD71029C72F}.AppStore|Any CPU.Build.0 = Release|Any CPU
		{7B0BEEF5-3E41-40BB-B550-DBD71029C72F}.AppStore|ARM.ActiveCfg = Release|Any CPU
		{7B0BEEF5-3E41-40BB-B550-DBD71029C72F}.AppStore|ARM.Build.0 = Release|Any CPU
		{7B0BEEF5-3E41-40BB-B550-DBD71029C72F}.AppStore|iPhone.ActiveCfg = Release|Any CPU
		{7B0BEEF5-3E41-40BB-B550-DBD71029C72F}.AppStore|iPhone.Build.0 = Release|Any CPU
		{7B0BEEF5-3E41-40BB-B550-DBD71029C72F}.AppStore|iPhoneSimulator.ActiveCfg = Release|Any CPU
		{7B0BEEF5-3E41-40BB-B550-DBD71029C72F}.AppStore|iPhoneSimulator.Build.0 = Release|Any CPU
		{7B0BEEF5-3E41-40BB-B550-DBD71029C72F}.AppStore|x64.ActiveCfg = Release|Any CPU
		{7B0BEEF5-3E41-40BB-B550-DBD71029C72F}.AppStore|x64.Build.0 = Release|Any CPU
		{7B0BEEF5-3E41-40BB-B550-DBD71029C72F}.AppStore|x86.ActiveCfg = Release|Any CPU
		{7B0BEEF5-3E41-40BB-B550-DBD71029C72F}.AppStore|x86.Build.0 = Release|Any CPU
		{7B0BEEF5-3E41-40BB-B550-DBD71029C72F}.Debug|Any CPU.ActiveCfg = Debug|Any CPU
		{7B0BEEF5-3E41-40BB-B550-DBD71029C72F}.Debug|Any CPU.Build.0 = Debug|Any CPU
		{7B0BEEF5-3E41-40BB-B550-DBD71029C72F}.Debug|ARM.ActiveCfg = Debug|Any CPU
		{7B0BEEF5-3E41-40BB-B550-DBD71029C72F}.Debug|ARM.Build.0 = Debug|Any CPU
		{7B0BEEF5-3E41-40BB-B550-DBD71029C72F}.Debug|iPhone.ActiveCfg = Debug|Any CPU
		{7B0BEEF5-3E41-40BB-B550-DBD71029C72F}.Debug|iPhone.Build.0 = Debug|Any CPU
		{7B0BEEF5-3E41-40BB-B550-DBD71029C72F}.Debug|iPhoneSimulator.ActiveCfg = Debug|Any CPU
		{7B0BEEF5-3E41-40BB-B550-DBD71029C72F}.Debug|iPhoneSimulator.Build.0 = Debug|Any CPU
		{7B0BEEF5-3E41-40BB-B550-DBD71029C72F}.Debug|x64.ActiveCfg = Debug|Any CPU
		{7B0BEEF5-3E41-40BB-B550-DBD71029C72F}.Debug|x64.Build.0 = Debug|Any CPU
		{7B0BEEF5-3E41-40BB-B550-DBD71029C72F}.Debug|x86.ActiveCfg = Debug|Any CPU
		{7B0BEEF5-3E41-40BB-B550-DBD71029C72F}.Debug|x86.Build.0 = Debug|Any CPU
		{7B0BEEF5-3E41-40BB-B550-DBD71029C72F}.Release|Any CPU.ActiveCfg = Release|Any CPU
		{7B0BEEF5-3E41-40BB-B550-DBD71029C72F}.Release|Any CPU.Build.0 = Release|Any CPU
		{7B0BEEF5-3E41-40BB-B550-DBD71029C72F}.Release|ARM.ActiveCfg = Release|Any CPU
		{7B0BEEF5-3E41-40BB-B550-DBD71029C72F}.Release|ARM.Build.0 = Release|Any CPU
		{7B0BEEF5-3E41-40BB-B550-DBD71029C72F}.Release|iPhone.ActiveCfg = Release|Any CPU
		{7B0BEEF5-3E41-40BB-B550-DBD71029C72F}.Release|iPhone.Build.0 = Release|Any CPU
		{7B0BEEF5-3E41-40BB-B550-DBD71029C72F}.Release|iPhoneSimulator.ActiveCfg = Release|Any CPU
		{7B0BEEF5-3E41-40BB-B550-DBD71029C72F}.Release|iPhoneSimulator.Build.0 = Release|Any CPU
		{7B0BEEF5-3E41-40BB-B550-DBD71029C72F}.Release|x64.ActiveCfg = Release|Any CPU
		{7B0BEEF5-3E41-40BB-B550-DBD71029C72F}.Release|x64.Build.0 = Release|Any CPU
		{7B0BEEF5-3E41-40BB-B550-DBD71029C72F}.Release|x86.ActiveCfg = Release|Any CPU
		{7B0BEEF5-3E41-40BB-B550-DBD71029C72F}.Release|x86.Build.0 = Release|Any CPU
		{2EF6D628-294D-4F09-868C-0105DD7B5892}.Ad-Hoc|Any CPU.ActiveCfg = Release|Any CPU
		{2EF6D628-294D-4F09-868C-0105DD7B5892}.Ad-Hoc|Any CPU.Build.0 = Release|Any CPU
		{2EF6D628-294D-4F09-868C-0105DD7B5892}.Ad-Hoc|ARM.ActiveCfg = Release|Any CPU
		{2EF6D628-294D-4F09-868C-0105DD7B5892}.Ad-Hoc|ARM.Build.0 = Release|Any CPU
		{2EF6D628-294D-4F09-868C-0105DD7B5892}.Ad-Hoc|iPhone.ActiveCfg = Release|Any CPU
		{2EF6D628-294D-4F09-868C-0105DD7B5892}.Ad-Hoc|iPhone.Build.0 = Release|Any CPU
		{2EF6D628-294D-4F09-868C-0105DD7B5892}.Ad-Hoc|iPhoneSimulator.ActiveCfg = Release|Any CPU
		{2EF6D628-294D-4F09-868C-0105DD7B5892}.Ad-Hoc|iPhoneSimulator.Build.0 = Release|Any CPU
		{2EF6D628-294D-4F09-868C-0105DD7B5892}.Ad-Hoc|x64.ActiveCfg = Release|Any CPU
		{2EF6D628-294D-4F09-868C-0105DD7B5892}.Ad-Hoc|x64.Build.0 = Release|Any CPU
		{2EF6D628-294D-4F09-868C-0105DD7B5892}.Ad-Hoc|x86.ActiveCfg = Release|Any CPU
		{2EF6D628-294D-4F09-868C-0105DD7B5892}.Ad-Hoc|x86.Build.0 = Release|Any CPU
		{2EF6D628-294D-4F09-868C-0105DD7B5892}.AppStore|Any CPU.ActiveCfg = Release|Any CPU
		{2EF6D628-294D-4F09-868C-0105DD7B5892}.AppStore|Any CPU.Build.0 = Release|Any CPU
		{2EF6D628-294D-4F09-868C-0105DD7B5892}.AppStore|ARM.ActiveCfg = Release|Any CPU
		{2EF6D628-294D-4F09-868C-0105DD7B5892}.AppStore|ARM.Build.0 = Release|Any CPU
		{2EF6D628-294D-4F09-868C-0105DD7B5892}.AppStore|iPhone.ActiveCfg = Release|Any CPU
		{2EF6D628-294D-4F09-868C-0105DD7B5892}.AppStore|iPhone.Build.0 = Release|Any CPU
		{2EF6D628-294D-4F09-868C-0105DD7B5892}.AppStore|iPhoneSimulator.ActiveCfg = Release|Any CPU
		{2EF6D628-294D-4F09-868C-0105DD7B5892}.AppStore|iPhoneSimulator.Build.0 = Release|Any CPU
		{2EF6D628-294D-4F09-868C-0105DD7B5892}.AppStore|x64.ActiveCfg = Release|Any CPU
		{2EF6D628-294D-4F09-868C-0105DD7B5892}.AppStore|x64.Build.0 = Release|Any CPU
		{2EF6D628-294D-4F09-868C-0105DD7B5892}.AppStore|x86.ActiveCfg = Release|Any CPU
		{2EF6D628-294D-4F09-868C-0105DD7B5892}.AppStore|x86.Build.0 = Release|Any CPU
		{2EF6D628-294D-4F09-868C-0105DD7B5892}.Debug|Any CPU.ActiveCfg = Debug|Any CPU
		{2EF6D628-294D-4F09-868C-0105DD7B5892}.Debug|Any CPU.Build.0 = Debug|Any CPU
		{2EF6D628-294D-4F09-868C-0105DD7B5892}.Debug|ARM.ActiveCfg = Debug|Any CPU
		{2EF6D628-294D-4F09-868C-0105DD7B5892}.Debug|ARM.Build.0 = Debug|Any CPU
		{2EF6D628-294D-4F09-868C-0105DD7B5892}.Debug|iPhone.ActiveCfg = Debug|Any CPU
		{2EF6D628-294D-4F09-868C-0105DD7B5892}.Debug|iPhone.Build.0 = Debug|Any CPU
		{2EF6D628-294D-4F09-868C-0105DD7B5892}.Debug|iPhoneSimulator.ActiveCfg = Debug|Any CPU
		{2EF6D628-294D-4F09-868C-0105DD7B5892}.Debug|iPhoneSimulator.Build.0 = Debug|Any CPU
		{2EF6D628-294D-4F09-868C-0105DD7B5892}.Debug|x64.ActiveCfg = Debug|Any CPU
		{2EF6D628-294D-4F09-868C-0105DD7B5892}.Debug|x64.Build.0 = Debug|Any CPU
		{2EF6D628-294D-4F09-868C-0105DD7B5892}.Debug|x86.ActiveCfg = Debug|Any CPU
		{2EF6D628-294D-4F09-868C-0105DD7B5892}.Debug|x86.Build.0 = Debug|Any CPU
		{2EF6D628-294D-4F09-868C-0105DD7B5892}.Release|Any CPU.ActiveCfg = Release|Any CPU
		{2EF6D628-294D-4F09-868C-0105DD7B5892}.Release|Any CPU.Build.0 = Release|Any CPU
		{2EF6D628-294D-4F09-868C-0105DD7B5892}.Release|ARM.ActiveCfg = Release|Any CPU
		{2EF6D628-294D-4F09-868C-0105DD7B5892}.Release|ARM.Build.0 = Release|Any CPU
		{2EF6D628-294D-4F09-868C-0105DD7B5892}.Release|iPhone.ActiveCfg = Release|Any CPU
		{2EF6D628-294D-4F09-868C-0105DD7B5892}.Release|iPhone.Build.0 = Release|Any CPU
		{2EF6D628-294D-4F09-868C-0105DD7B5892}.Release|iPhoneSimulator.ActiveCfg = Release|Any CPU
		{2EF6D628-294D-4F09-868C-0105DD7B5892}.Release|iPhoneSimulator.Build.0 = Release|Any CPU
		{2EF6D628-294D-4F09-868C-0105DD7B5892}.Release|x64.ActiveCfg = Release|Any CPU
		{2EF6D628-294D-4F09-868C-0105DD7B5892}.Release|x64.Build.0 = Release|Any CPU
		{2EF6D628-294D-4F09-868C-0105DD7B5892}.Release|x86.ActiveCfg = Release|Any CPU
		{2EF6D628-294D-4F09-868C-0105DD7B5892}.Release|x86.Build.0 = Release|Any CPU
		{7A0F3C47-C88D-4DB6-AFAC-D3830EBB225E}.Ad-Hoc|Any CPU.ActiveCfg = Release|Any CPU
		{7A0F3C47-C88D-4DB6-AFAC-D3830EBB225E}.Ad-Hoc|Any CPU.Build.0 = Release|Any CPU
		{7A0F3C47-C88D-4DB6-AFAC-D3830EBB225E}.Ad-Hoc|ARM.ActiveCfg = Release|Any CPU
		{7A0F3C47-C88D-4DB6-AFAC-D3830EBB225E}.Ad-Hoc|ARM.Build.0 = Release|Any CPU
		{7A0F3C47-C88D-4DB6-AFAC-D3830EBB225E}.Ad-Hoc|iPhone.ActiveCfg = Release|Any CPU
		{7A0F3C47-C88D-4DB6-AFAC-D3830EBB225E}.Ad-Hoc|iPhone.Build.0 = Release|Any CPU
		{7A0F3C47-C88D-4DB6-AFAC-D3830EBB225E}.Ad-Hoc|iPhoneSimulator.ActiveCfg = Release|Any CPU
		{7A0F3C47-C88D-4DB6-AFAC-D3830EBB225E}.Ad-Hoc|iPhoneSimulator.Build.0 = Release|Any CPU
		{7A0F3C47-C88D-4DB6-AFAC-D3830EBB225E}.Ad-Hoc|x64.ActiveCfg = Release|Any CPU
		{7A0F3C47-C88D-4DB6-AFAC-D3830EBB225E}.Ad-Hoc|x64.Build.0 = Release|Any CPU
		{7A0F3C47-C88D-4DB6-AFAC-D3830EBB225E}.Ad-Hoc|x86.ActiveCfg = Release|Any CPU
		{7A0F3C47-C88D-4DB6-AFAC-D3830EBB225E}.Ad-Hoc|x86.Build.0 = Release|Any CPU
		{7A0F3C47-C88D-4DB6-AFAC-D3830EBB225E}.AppStore|Any CPU.ActiveCfg = Release|Any CPU
		{7A0F3C47-C88D-4DB6-AFAC-D3830EBB225E}.AppStore|Any CPU.Build.0 = Release|Any CPU
		{7A0F3C47-C88D-4DB6-AFAC-D3830EBB225E}.AppStore|ARM.ActiveCfg = Release|Any CPU
		{7A0F3C47-C88D-4DB6-AFAC-D3830EBB225E}.AppStore|ARM.Build.0 = Release|Any CPU
		{7A0F3C47-C88D-4DB6-AFAC-D3830EBB225E}.AppStore|iPhone.ActiveCfg = Release|Any CPU
		{7A0F3C47-C88D-4DB6-AFAC-D3830EBB225E}.AppStore|iPhone.Build.0 = Release|Any CPU
		{7A0F3C47-C88D-4DB6-AFAC-D3830EBB225E}.AppStore|iPhoneSimulator.ActiveCfg = Release|Any CPU
		{7A0F3C47-C88D-4DB6-AFAC-D3830EBB225E}.AppStore|iPhoneSimulator.Build.0 = Release|Any CPU
		{7A0F3C47-C88D-4DB6-AFAC-D3830EBB225E}.AppStore|x64.ActiveCfg = Release|Any CPU
		{7A0F3C47-C88D-4DB6-AFAC-D3830EBB225E}.AppStore|x64.Build.0 = Release|Any CPU
		{7A0F3C47-C88D-4DB6-AFAC-D3830EBB225E}.AppStore|x86.ActiveCfg = Release|Any CPU
		{7A0F3C47-C88D-4DB6-AFAC-D3830EBB225E}.AppStore|x86.Build.0 = Release|Any CPU
		{7A0F3C47-C88D-4DB6-AFAC-D3830EBB225E}.Debug|Any CPU.ActiveCfg = Debug|Any CPU
		{7A0F3C47-C88D-4DB6-AFAC-D3830EBB225E}.Debug|Any CPU.Build.0 = Debug|Any CPU
		{7A0F3C47-C88D-4DB6-AFAC-D3830EBB225E}.Debug|Any CPU.Deploy.0 = Debug|Any CPU
		{7A0F3C47-C88D-4DB6-AFAC-D3830EBB225E}.Debug|ARM.ActiveCfg = Debug|Any CPU
		{7A0F3C47-C88D-4DB6-AFAC-D3830EBB225E}.Debug|ARM.Build.0 = Debug|Any CPU
		{7A0F3C47-C88D-4DB6-AFAC-D3830EBB225E}.Debug|iPhone.ActiveCfg = Debug|Any CPU
		{7A0F3C47-C88D-4DB6-AFAC-D3830EBB225E}.Debug|iPhone.Build.0 = Debug|Any CPU
		{7A0F3C47-C88D-4DB6-AFAC-D3830EBB225E}.Debug|iPhoneSimulator.ActiveCfg = Debug|Any CPU
		{7A0F3C47-C88D-4DB6-AFAC-D3830EBB225E}.Debug|iPhoneSimulator.Build.0 = Debug|Any CPU
		{7A0F3C47-C88D-4DB6-AFAC-D3830EBB225E}.Debug|x64.ActiveCfg = Debug|Any CPU
		{7A0F3C47-C88D-4DB6-AFAC-D3830EBB225E}.Debug|x64.Build.0 = Debug|Any CPU
		{7A0F3C47-C88D-4DB6-AFAC-D3830EBB225E}.Debug|x86.ActiveCfg = Debug|Any CPU
		{7A0F3C47-C88D-4DB6-AFAC-D3830EBB225E}.Debug|x86.Build.0 = Debug|Any CPU
		{7A0F3C47-C88D-4DB6-AFAC-D3830EBB225E}.Release|Any CPU.ActiveCfg = Release|Any CPU
		{7A0F3C47-C88D-4DB6-AFAC-D3830EBB225E}.Release|Any CPU.Build.0 = Release|Any CPU
		{7A0F3C47-C88D-4DB6-AFAC-D3830EBB225E}.Release|Any CPU.Deploy.0 = Release|Any CPU
		{7A0F3C47-C88D-4DB6-AFAC-D3830EBB225E}.Release|ARM.ActiveCfg = Release|Any CPU
		{7A0F3C47-C88D-4DB6-AFAC-D3830EBB225E}.Release|ARM.Build.0 = Release|Any CPU
		{7A0F3C47-C88D-4DB6-AFAC-D3830EBB225E}.Release|iPhone.ActiveCfg = Release|Any CPU
		{7A0F3C47-C88D-4DB6-AFAC-D3830EBB225E}.Release|iPhone.Build.0 = Release|Any CPU
		{7A0F3C47-C88D-4DB6-AFAC-D3830EBB225E}.Release|iPhoneSimulator.ActiveCfg = Release|Any CPU
		{7A0F3C47-C88D-4DB6-AFAC-D3830EBB225E}.Release|iPhoneSimulator.Build.0 = Release|Any CPU
		{7A0F3C47-C88D-4DB6-AFAC-D3830EBB225E}.Release|x64.ActiveCfg = Release|Any CPU
		{7A0F3C47-C88D-4DB6-AFAC-D3830EBB225E}.Release|x64.Build.0 = Release|Any CPU
		{7A0F3C47-C88D-4DB6-AFAC-D3830EBB225E}.Release|x86.ActiveCfg = Release|Any CPU
		{7A0F3C47-C88D-4DB6-AFAC-D3830EBB225E}.Release|x86.Build.0 = Release|Any CPU
		{5BBF6216-74CF-4467-BF8D-DBF5A65B17A8}.Ad-Hoc|Any CPU.ActiveCfg = Release|Any CPU
		{5BBF6216-74CF-4467-BF8D-DBF5A65B17A8}.Ad-Hoc|Any CPU.Build.0 = Release|Any CPU
		{5BBF6216-74CF-4467-BF8D-DBF5A65B17A8}.Ad-Hoc|ARM.ActiveCfg = Release|Any CPU
		{5BBF6216-74CF-4467-BF8D-DBF5A65B17A8}.Ad-Hoc|ARM.Build.0 = Release|Any CPU
		{5BBF6216-74CF-4467-BF8D-DBF5A65B17A8}.Ad-Hoc|iPhone.ActiveCfg = Release|Any CPU
		{5BBF6216-74CF-4467-BF8D-DBF5A65B17A8}.Ad-Hoc|iPhone.Build.0 = Release|Any CPU
		{5BBF6216-74CF-4467-BF8D-DBF5A65B17A8}.Ad-Hoc|iPhoneSimulator.ActiveCfg = Release|Any CPU
		{5BBF6216-74CF-4467-BF8D-DBF5A65B17A8}.Ad-Hoc|iPhoneSimulator.Build.0 = Release|Any CPU
		{5BBF6216-74CF-4467-BF8D-DBF5A65B17A8}.Ad-Hoc|x64.ActiveCfg = Release|Any CPU
		{5BBF6216-74CF-4467-BF8D-DBF5A65B17A8}.Ad-Hoc|x64.Build.0 = Release|Any CPU
		{5BBF6216-74CF-4467-BF8D-DBF5A65B17A8}.Ad-Hoc|x86.ActiveCfg = Release|Any CPU
		{5BBF6216-74CF-4467-BF8D-DBF5A65B17A8}.Ad-Hoc|x86.Build.0 = Release|Any CPU
		{5BBF6216-74CF-4467-BF8D-DBF5A65B17A8}.AppStore|Any CPU.ActiveCfg = Release|Any CPU
		{5BBF6216-74CF-4467-BF8D-DBF5A65B17A8}.AppStore|Any CPU.Build.0 = Release|Any CPU
		{5BBF6216-74CF-4467-BF8D-DBF5A65B17A8}.AppStore|ARM.ActiveCfg = Release|Any CPU
		{5BBF6216-74CF-4467-BF8D-DBF5A65B17A8}.AppStore|ARM.Build.0 = Release|Any CPU
		{5BBF6216-74CF-4467-BF8D-DBF5A65B17A8}.AppStore|iPhone.ActiveCfg = Release|Any CPU
		{5BBF6216-74CF-4467-BF8D-DBF5A65B17A8}.AppStore|iPhone.Build.0 = Release|Any CPU
		{5BBF6216-74CF-4467-BF8D-DBF5A65B17A8}.AppStore|iPhoneSimulator.ActiveCfg = Release|Any CPU
		{5BBF6216-74CF-4467-BF8D-DBF5A65B17A8}.AppStore|iPhoneSimulator.Build.0 = Release|Any CPU
		{5BBF6216-74CF-4467-BF8D-DBF5A65B17A8}.AppStore|x64.ActiveCfg = Release|Any CPU
		{5BBF6216-74CF-4467-BF8D-DBF5A65B17A8}.AppStore|x64.Build.0 = Release|Any CPU
		{5BBF6216-74CF-4467-BF8D-DBF5A65B17A8}.AppStore|x86.ActiveCfg = Release|Any CPU
		{5BBF6216-74CF-4467-BF8D-DBF5A65B17A8}.AppStore|x86.Build.0 = Release|Any CPU
		{5BBF6216-74CF-4467-BF8D-DBF5A65B17A8}.Debug|Any CPU.ActiveCfg = Debug|Any CPU
		{5BBF6216-74CF-4467-BF8D-DBF5A65B17A8}.Debug|Any CPU.Build.0 = Debug|Any CPU
		{5BBF6216-74CF-4467-BF8D-DBF5A65B17A8}.Debug|ARM.ActiveCfg = Debug|Any CPU
		{5BBF6216-74CF-4467-BF8D-DBF5A65B17A8}.Debug|ARM.Build.0 = Debug|Any CPU
		{5BBF6216-74CF-4467-BF8D-DBF5A65B17A8}.Debug|iPhone.ActiveCfg = Debug|Any CPU
		{5BBF6216-74CF-4467-BF8D-DBF5A65B17A8}.Debug|iPhone.Build.0 = Debug|Any CPU
		{5BBF6216-74CF-4467-BF8D-DBF5A65B17A8}.Debug|iPhoneSimulator.ActiveCfg = Debug|Any CPU
		{5BBF6216-74CF-4467-BF8D-DBF5A65B17A8}.Debug|iPhoneSimulator.Build.0 = Debug|Any CPU
		{5BBF6216-74CF-4467-BF8D-DBF5A65B17A8}.Debug|x64.ActiveCfg = Debug|Any CPU
		{5BBF6216-74CF-4467-BF8D-DBF5A65B17A8}.Debug|x64.Build.0 = Debug|Any CPU
		{5BBF6216-74CF-4467-BF8D-DBF5A65B17A8}.Debug|x86.ActiveCfg = Debug|Any CPU
		{5BBF6216-74CF-4467-BF8D-DBF5A65B17A8}.Debug|x86.Build.0 = Debug|Any CPU
		{5BBF6216-74CF-4467-BF8D-DBF5A65B17A8}.Release|Any CPU.ActiveCfg = Release|Any CPU
		{5BBF6216-74CF-4467-BF8D-DBF5A65B17A8}.Release|Any CPU.Build.0 = Release|Any CPU
		{5BBF6216-74CF-4467-BF8D-DBF5A65B17A8}.Release|ARM.ActiveCfg = Release|Any CPU
		{5BBF6216-74CF-4467-BF8D-DBF5A65B17A8}.Release|ARM.Build.0 = Release|Any CPU
		{5BBF6216-74CF-4467-BF8D-DBF5A65B17A8}.Release|iPhone.ActiveCfg = Release|Any CPU
		{5BBF6216-74CF-4467-BF8D-DBF5A65B17A8}.Release|iPhone.Build.0 = Release|Any CPU
		{5BBF6216-74CF-4467-BF8D-DBF5A65B17A8}.Release|iPhoneSimulator.ActiveCfg = Release|Any CPU
		{5BBF6216-74CF-4467-BF8D-DBF5A65B17A8}.Release|iPhoneSimulator.Build.0 = Release|Any CPU
		{5BBF6216-74CF-4467-BF8D-DBF5A65B17A8}.Release|x64.ActiveCfg = Release|Any CPU
		{5BBF6216-74CF-4467-BF8D-DBF5A65B17A8}.Release|x64.Build.0 = Release|Any CPU
		{5BBF6216-74CF-4467-BF8D-DBF5A65B17A8}.Release|x86.ActiveCfg = Release|Any CPU
		{5BBF6216-74CF-4467-BF8D-DBF5A65B17A8}.Release|x86.Build.0 = Release|Any CPU
		{D4DDD92D-466C-4D1D-8826-999BEA07A407}.Ad-Hoc|Any CPU.ActiveCfg = Release|x64
		{D4DDD92D-466C-4D1D-8826-999BEA07A407}.Ad-Hoc|Any CPU.Build.0 = Release|x64
		{D4DDD92D-466C-4D1D-8826-999BEA07A407}.Ad-Hoc|Any CPU.Deploy.0 = Release|x64
		{D4DDD92D-466C-4D1D-8826-999BEA07A407}.Ad-Hoc|ARM.ActiveCfg = Release|ARM
		{D4DDD92D-466C-4D1D-8826-999BEA07A407}.Ad-Hoc|ARM.Build.0 = Release|ARM
		{D4DDD92D-466C-4D1D-8826-999BEA07A407}.Ad-Hoc|ARM.Deploy.0 = Release|ARM
		{D4DDD92D-466C-4D1D-8826-999BEA07A407}.Ad-Hoc|ARM64.ActiveCfg = Release|ARM64
		{D4DDD92D-466C-4D1D-8826-999BEA07A407}.Ad-Hoc|ARM64.Build.0 = Release|ARM64
		{D4DDD92D-466C-4D1D-8826-999BEA07A407}.Ad-Hoc|ARM64.Deploy.0 = Release|ARM64
		{D4DDD92D-466C-4D1D-8826-999BEA07A407}.Ad-Hoc|iPhone.ActiveCfg = Release|x64
		{D4DDD92D-466C-4D1D-8826-999BEA07A407}.Ad-Hoc|iPhone.Build.0 = Release|x64
		{D4DDD92D-466C-4D1D-8826-999BEA07A407}.Ad-Hoc|iPhone.Deploy.0 = Release|x64
		{D4DDD92D-466C-4D1D-8826-999BEA07A407}.Ad-Hoc|iPhoneSimulator.ActiveCfg = Release|x64
		{D4DDD92D-466C-4D1D-8826-999BEA07A407}.Ad-Hoc|iPhoneSimulator.Build.0 = Release|x64
		{D4DDD92D-466C-4D1D-8826-999BEA07A407}.Ad-Hoc|iPhoneSimulator.Deploy.0 = Release|x64
		{D4DDD92D-466C-4D1D-8826-999BEA07A407}.Ad-Hoc|x64.ActiveCfg = Release|x64
		{D4DDD92D-466C-4D1D-8826-999BEA07A407}.Ad-Hoc|x64.Build.0 = Release|x64
		{D4DDD92D-466C-4D1D-8826-999BEA07A407}.Ad-Hoc|x64.Deploy.0 = Release|x64
		{D4DDD92D-466C-4D1D-8826-999BEA07A407}.Ad-Hoc|x86.ActiveCfg = Release|x86
		{D4DDD92D-466C-4D1D-8826-999BEA07A407}.Ad-Hoc|x86.Build.0 = Release|x86
		{D4DDD92D-466C-4D1D-8826-999BEA07A407}.Ad-Hoc|x86.Deploy.0 = Release|x86
		{D4DDD92D-466C-4D1D-8826-999BEA07A407}.AppStore|Any CPU.ActiveCfg = Release|x64
		{D4DDD92D-466C-4D1D-8826-999BEA07A407}.AppStore|Any CPU.Build.0 = Release|x64
		{D4DDD92D-466C-4D1D-8826-999BEA07A407}.AppStore|Any CPU.Deploy.0 = Release|x64
		{D4DDD92D-466C-4D1D-8826-999BEA07A407}.AppStore|ARM.ActiveCfg = Release|ARM
		{D4DDD92D-466C-4D1D-8826-999BEA07A407}.AppStore|ARM.Build.0 = Release|ARM
		{D4DDD92D-466C-4D1D-8826-999BEA07A407}.AppStore|ARM.Deploy.0 = Release|ARM
		{D4DDD92D-466C-4D1D-8826-999BEA07A407}.AppStore|ARM64.ActiveCfg = Release|ARM64
		{D4DDD92D-466C-4D1D-8826-999BEA07A407}.AppStore|ARM64.Build.0 = Release|ARM64
		{D4DDD92D-466C-4D1D-8826-999BEA07A407}.AppStore|ARM64.Deploy.0 = Release|ARM64
		{D4DDD92D-466C-4D1D-8826-999BEA07A407}.AppStore|iPhone.ActiveCfg = Release|x64
		{D4DDD92D-466C-4D1D-8826-999BEA07A407}.AppStore|iPhone.Build.0 = Release|x64
		{D4DDD92D-466C-4D1D-8826-999BEA07A407}.AppStore|iPhone.Deploy.0 = Release|x64
		{D4DDD92D-466C-4D1D-8826-999BEA07A407}.AppStore|iPhoneSimulator.ActiveCfg = Release|x64
		{D4DDD92D-466C-4D1D-8826-999BEA07A407}.AppStore|iPhoneSimulator.Build.0 = Release|x64
		{D4DDD92D-466C-4D1D-8826-999BEA07A407}.AppStore|iPhoneSimulator.Deploy.0 = Release|x64
		{D4DDD92D-466C-4D1D-8826-999BEA07A407}.AppStore|x64.ActiveCfg = Release|x64
		{D4DDD92D-466C-4D1D-8826-999BEA07A407}.AppStore|x64.Build.0 = Release|x64
		{D4DDD92D-466C-4D1D-8826-999BEA07A407}.AppStore|x64.Deploy.0 = Release|x64
		{D4DDD92D-466C-4D1D-8826-999BEA07A407}.AppStore|x86.ActiveCfg = Release|x86
		{D4DDD92D-466C-4D1D-8826-999BEA07A407}.AppStore|x86.Build.0 = Release|x86
		{D4DDD92D-466C-4D1D-8826-999BEA07A407}.AppStore|x86.Deploy.0 = Release|x86
		{D4DDD92D-466C-4D1D-8826-999BEA07A407}.Debug|Any CPU.ActiveCfg = Debug|x86
		{D4DDD92D-466C-4D1D-8826-999BEA07A407}.Debug|ARM.ActiveCfg = Debug|ARM
		{D4DDD92D-466C-4D1D-8826-999BEA07A407}.Debug|ARM.Build.0 = Debug|ARM
		{D4DDD92D-466C-4D1D-8826-999BEA07A407}.Debug|ARM.Deploy.0 = Debug|ARM
		{D4DDD92D-466C-4D1D-8826-999BEA07A407}.Debug|ARM64.ActiveCfg = Debug|ARM64
		{D4DDD92D-466C-4D1D-8826-999BEA07A407}.Debug|ARM64.Build.0 = Debug|ARM64
		{D4DDD92D-466C-4D1D-8826-999BEA07A407}.Debug|ARM64.Deploy.0 = Debug|ARM64
		{D4DDD92D-466C-4D1D-8826-999BEA07A407}.Debug|iPhone.ActiveCfg = Debug|x86
		{D4DDD92D-466C-4D1D-8826-999BEA07A407}.Debug|iPhoneSimulator.ActiveCfg = Debug|x86
		{D4DDD92D-466C-4D1D-8826-999BEA07A407}.Debug|x64.ActiveCfg = Debug|x64
		{D4DDD92D-466C-4D1D-8826-999BEA07A407}.Debug|x64.Build.0 = Debug|x64
		{D4DDD92D-466C-4D1D-8826-999BEA07A407}.Debug|x64.Deploy.0 = Debug|x64
		{D4DDD92D-466C-4D1D-8826-999BEA07A407}.Debug|x86.ActiveCfg = Debug|x86
		{D4DDD92D-466C-4D1D-8826-999BEA07A407}.Debug|x86.Build.0 = Debug|x86
		{D4DDD92D-466C-4D1D-8826-999BEA07A407}.Debug|x86.Deploy.0 = Debug|x86
		{D4DDD92D-466C-4D1D-8826-999BEA07A407}.Release|Any CPU.ActiveCfg = Release|x86
		{D4DDD92D-466C-4D1D-8826-999BEA07A407}.Release|ARM.ActiveCfg = Release|ARM
		{D4DDD92D-466C-4D1D-8826-999BEA07A407}.Release|ARM.Build.0 = Release|ARM
		{D4DDD92D-466C-4D1D-8826-999BEA07A407}.Release|ARM.Deploy.0 = Release|ARM
		{D4DDD92D-466C-4D1D-8826-999BEA07A407}.Release|ARM64.ActiveCfg = Release|ARM64
		{D4DDD92D-466C-4D1D-8826-999BEA07A407}.Release|ARM64.Build.0 = Release|ARM64
		{D4DDD92D-466C-4D1D-8826-999BEA07A407}.Release|ARM64.Deploy.0 = Release|ARM64
		{D4DDD92D-466C-4D1D-8826-999BEA07A407}.Release|iPhone.ActiveCfg = Release|x86
		{D4DDD92D-466C-4D1D-8826-999BEA07A407}.Release|iPhoneSimulator.ActiveCfg = Release|x86
		{D4DDD92D-466C-4D1D-8826-999BEA07A407}.Release|x64.ActiveCfg = Release|x64
		{D4DDD92D-466C-4D1D-8826-999BEA07A407}.Release|x64.Build.0 = Release|x64
		{D4DDD92D-466C-4D1D-8826-999BEA07A407}.Release|x64.Deploy.0 = Release|x64
		{D4DDD92D-466C-4D1D-8826-999BEA07A407}.Release|x86.ActiveCfg = Release|x86
		{D4DDD92D-466C-4D1D-8826-999BEA07A407}.Release|x86.Build.0 = Release|x86
		{D4DDD92D-466C-4D1D-8826-999BEA07A407}.Release|x86.Deploy.0 = Release|x86
	EndGlobalSection
	GlobalSection(SolutionProperties) = preSolution
		HideSolutionNode = FALSE
	EndGlobalSection
	GlobalSection(ExtensibilityGlobals) = postSolution
		SolutionGuid = {F6D05029-56B8-4E45-AF2D-0E76295DDBA2}
	EndGlobalSection
EndGlobal
